// !$*UTF8*$!
{
	archiveVersion = 1;
	classes = {
	};
	objectVersion = 46;
	objects = {

/* Begin PBXBuildFile section */
		AC8B13281F4773BE009E111B /* AWSAPIGateway.framework in Frameworks */ = {isa = PBXBuildFile; fileRef = AC8B130E1F4773BE009E111B /* AWSAPIGateway.framework */; };
		AC8B13291F4773BE009E111B /* AWSAPIGateway.framework in Embed Frameworks */ = {isa = PBXBuildFile; fileRef = AC8B130E1F4773BE009E111B /* AWSAPIGateway.framework */; settings = {ATTRIBUTES = (CodeSignOnCopy, RemoveHeadersOnCopy, ); }; };
		AC8B132A1F4773BE009E111B /* AWSAutoScaling.framework in Frameworks */ = {isa = PBXBuildFile; fileRef = AC8B130F1F4773BE009E111B /* AWSAutoScaling.framework */; };
		AC8B132B1F4773BE009E111B /* AWSAutoScaling.framework in Embed Frameworks */ = {isa = PBXBuildFile; fileRef = AC8B130F1F4773BE009E111B /* AWSAutoScaling.framework */; settings = {ATTRIBUTES = (CodeSignOnCopy, RemoveHeadersOnCopy, ); }; };
		AC8B132C1F4773BE009E111B /* AWSCloudWatch.framework in Frameworks */ = {isa = PBXBuildFile; fileRef = AC8B13101F4773BE009E111B /* AWSCloudWatch.framework */; };
		AC8B132D1F4773BE009E111B /* AWSCloudWatch.framework in Embed Frameworks */ = {isa = PBXBuildFile; fileRef = AC8B13101F4773BE009E111B /* AWSCloudWatch.framework */; settings = {ATTRIBUTES = (CodeSignOnCopy, RemoveHeadersOnCopy, ); }; };
		AC8B132E1F4773BE009E111B /* AWSCognito.framework in Frameworks */ = {isa = PBXBuildFile; fileRef = AC8B13111F4773BE009E111B /* AWSCognito.framework */; };
		AC8B132F1F4773BE009E111B /* AWSCognito.framework in Embed Frameworks */ = {isa = PBXBuildFile; fileRef = AC8B13111F4773BE009E111B /* AWSCognito.framework */; settings = {ATTRIBUTES = (CodeSignOnCopy, RemoveHeadersOnCopy, ); }; };
		AC8B13301F4773BE009E111B /* AWSCognitoAuth.framework in Frameworks */ = {isa = PBXBuildFile; fileRef = AC8B13121F4773BE009E111B /* AWSCognitoAuth.framework */; };
		AC8B13311F4773BE009E111B /* AWSCognitoAuth.framework in Embed Frameworks */ = {isa = PBXBuildFile; fileRef = AC8B13121F4773BE009E111B /* AWSCognitoAuth.framework */; settings = {ATTRIBUTES = (CodeSignOnCopy, RemoveHeadersOnCopy, ); }; };
		AC8B13321F4773BE009E111B /* AWSCognitoIdentityProvider.framework in Frameworks */ = {isa = PBXBuildFile; fileRef = AC8B13131F4773BE009E111B /* AWSCognitoIdentityProvider.framework */; };
		AC8B13331F4773BE009E111B /* AWSCognitoIdentityProvider.framework in Embed Frameworks */ = {isa = PBXBuildFile; fileRef = AC8B13131F4773BE009E111B /* AWSCognitoIdentityProvider.framework */; settings = {ATTRIBUTES = (CodeSignOnCopy, RemoveHeadersOnCopy, ); }; };
		AC8B13341F4773BE009E111B /* AWSCore.framework in Frameworks */ = {isa = PBXBuildFile; fileRef = AC8B13141F4773BE009E111B /* AWSCore.framework */; };
		AC8B13351F4773BE009E111B /* AWSCore.framework in Embed Frameworks */ = {isa = PBXBuildFile; fileRef = AC8B13141F4773BE009E111B /* AWSCore.framework */; settings = {ATTRIBUTES = (CodeSignOnCopy, RemoveHeadersOnCopy, ); }; };
		AC8B13361F4773BE009E111B /* AWSDynamoDB.framework in Frameworks */ = {isa = PBXBuildFile; fileRef = AC8B13151F4773BE009E111B /* AWSDynamoDB.framework */; };
		AC8B13371F4773BE009E111B /* AWSDynamoDB.framework in Embed Frameworks */ = {isa = PBXBuildFile; fileRef = AC8B13151F4773BE009E111B /* AWSDynamoDB.framework */; settings = {ATTRIBUTES = (CodeSignOnCopy, RemoveHeadersOnCopy, ); }; };
		AC8B13381F4773BE009E111B /* AWSEC2.framework in Frameworks */ = {isa = PBXBuildFile; fileRef = AC8B13161F4773BE009E111B /* AWSEC2.framework */; };
		AC8B13391F4773BE009E111B /* AWSEC2.framework in Embed Frameworks */ = {isa = PBXBuildFile; fileRef = AC8B13161F4773BE009E111B /* AWSEC2.framework */; settings = {ATTRIBUTES = (CodeSignOnCopy, RemoveHeadersOnCopy, ); }; };
		AC8B133A1F4773BE009E111B /* AWSElasticLoadBalancing.framework in Frameworks */ = {isa = PBXBuildFile; fileRef = AC8B13171F4773BE009E111B /* AWSElasticLoadBalancing.framework */; };
		AC8B133B1F4773BE009E111B /* AWSElasticLoadBalancing.framework in Embed Frameworks */ = {isa = PBXBuildFile; fileRef = AC8B13171F4773BE009E111B /* AWSElasticLoadBalancing.framework */; settings = {ATTRIBUTES = (CodeSignOnCopy, RemoveHeadersOnCopy, ); }; };
		AC8B133C1F4773BE009E111B /* AWSIoT.framework in Frameworks */ = {isa = PBXBuildFile; fileRef = AC8B13181F4773BE009E111B /* AWSIoT.framework */; };
		AC8B133D1F4773BE009E111B /* AWSIoT.framework in Embed Frameworks */ = {isa = PBXBuildFile; fileRef = AC8B13181F4773BE009E111B /* AWSIoT.framework */; settings = {ATTRIBUTES = (CodeSignOnCopy, RemoveHeadersOnCopy, ); }; };
		AC8B133E1F4773BE009E111B /* AWSKinesis.framework in Frameworks */ = {isa = PBXBuildFile; fileRef = AC8B13191F4773BE009E111B /* AWSKinesis.framework */; };
		AC8B133F1F4773BF009E111B /* AWSKinesis.framework in Embed Frameworks */ = {isa = PBXBuildFile; fileRef = AC8B13191F4773BE009E111B /* AWSKinesis.framework */; settings = {ATTRIBUTES = (CodeSignOnCopy, RemoveHeadersOnCopy, ); }; };
		AC8B13401F4773BF009E111B /* AWSKMS.framework in Frameworks */ = {isa = PBXBuildFile; fileRef = AC8B131A1F4773BE009E111B /* AWSKMS.framework */; };
		AC8B13411F4773BF009E111B /* AWSKMS.framework in Embed Frameworks */ = {isa = PBXBuildFile; fileRef = AC8B131A1F4773BE009E111B /* AWSKMS.framework */; settings = {ATTRIBUTES = (CodeSignOnCopy, RemoveHeadersOnCopy, ); }; };
		AC8B13421F4773BF009E111B /* AWSLambda.framework in Frameworks */ = {isa = PBXBuildFile; fileRef = AC8B131B1F4773BE009E111B /* AWSLambda.framework */; };
		AC8B13431F4773BF009E111B /* AWSLambda.framework in Embed Frameworks */ = {isa = PBXBuildFile; fileRef = AC8B131B1F4773BE009E111B /* AWSLambda.framework */; settings = {ATTRIBUTES = (CodeSignOnCopy, RemoveHeadersOnCopy, ); }; };
		AC8B13441F4773BF009E111B /* AWSLex.framework in Frameworks */ = {isa = PBXBuildFile; fileRef = AC8B131C1F4773BE009E111B /* AWSLex.framework */; };
		AC8B13451F4773BF009E111B /* AWSLex.framework in Embed Frameworks */ = {isa = PBXBuildFile; fileRef = AC8B131C1F4773BE009E111B /* AWSLex.framework */; settings = {ATTRIBUTES = (CodeSignOnCopy, RemoveHeadersOnCopy, ); }; };
		AC8B13461F4773BF009E111B /* AWSLogs.framework in Frameworks */ = {isa = PBXBuildFile; fileRef = AC8B131D1F4773BE009E111B /* AWSLogs.framework */; };
		AC8B13471F4773BF009E111B /* AWSLogs.framework in Embed Frameworks */ = {isa = PBXBuildFile; fileRef = AC8B131D1F4773BE009E111B /* AWSLogs.framework */; settings = {ATTRIBUTES = (CodeSignOnCopy, RemoveHeadersOnCopy, ); }; };
		AC8B13481F4773BF009E111B /* AWSMachineLearning.framework in Frameworks */ = {isa = PBXBuildFile; fileRef = AC8B131E1F4773BE009E111B /* AWSMachineLearning.framework */; };
		AC8B13491F4773BF009E111B /* AWSMachineLearning.framework in Embed Frameworks */ = {isa = PBXBuildFile; fileRef = AC8B131E1F4773BE009E111B /* AWSMachineLearning.framework */; settings = {ATTRIBUTES = (CodeSignOnCopy, RemoveHeadersOnCopy, ); }; };
		AC8B134A1F4773BF009E111B /* AWSMobileAnalytics.framework in Frameworks */ = {isa = PBXBuildFile; fileRef = AC8B131F1F4773BE009E111B /* AWSMobileAnalytics.framework */; };
		AC8B134B1F4773BF009E111B /* AWSMobileAnalytics.framework in Embed Frameworks */ = {isa = PBXBuildFile; fileRef = AC8B131F1F4773BE009E111B /* AWSMobileAnalytics.framework */; settings = {ATTRIBUTES = (CodeSignOnCopy, RemoveHeadersOnCopy, ); }; };
		AC8B134C1F4773BF009E111B /* AWSPinpoint.framework in Frameworks */ = {isa = PBXBuildFile; fileRef = AC8B13201F4773BE009E111B /* AWSPinpoint.framework */; };
		AC8B134D1F4773BF009E111B /* AWSPinpoint.framework in Embed Frameworks */ = {isa = PBXBuildFile; fileRef = AC8B13201F4773BE009E111B /* AWSPinpoint.framework */; settings = {ATTRIBUTES = (CodeSignOnCopy, RemoveHeadersOnCopy, ); }; };
		AC8B134E1F4773BF009E111B /* AWSPolly.framework in Frameworks */ = {isa = PBXBuildFile; fileRef = AC8B13211F4773BE009E111B /* AWSPolly.framework */; };
		AC8B134F1F4773BF009E111B /* AWSPolly.framework in Embed Frameworks */ = {isa = PBXBuildFile; fileRef = AC8B13211F4773BE009E111B /* AWSPolly.framework */; settings = {ATTRIBUTES = (CodeSignOnCopy, RemoveHeadersOnCopy, ); }; };
		AC8B13501F4773BF009E111B /* AWSRekognition.framework in Frameworks */ = {isa = PBXBuildFile; fileRef = AC8B13221F4773BE009E111B /* AWSRekognition.framework */; };
		AC8B13511F4773BF009E111B /* AWSRekognition.framework in Embed Frameworks */ = {isa = PBXBuildFile; fileRef = AC8B13221F4773BE009E111B /* AWSRekognition.framework */; settings = {ATTRIBUTES = (CodeSignOnCopy, RemoveHeadersOnCopy, ); }; };
		AC8B13521F4773BF009E111B /* AWSS3.framework in Frameworks */ = {isa = PBXBuildFile; fileRef = AC8B13231F4773BE009E111B /* AWSS3.framework */; };
		AC8B13531F4773BF009E111B /* AWSS3.framework in Embed Frameworks */ = {isa = PBXBuildFile; fileRef = AC8B13231F4773BE009E111B /* AWSS3.framework */; settings = {ATTRIBUTES = (CodeSignOnCopy, RemoveHeadersOnCopy, ); }; };
		AC8B13541F4773BF009E111B /* AWSSES.framework in Frameworks */ = {isa = PBXBuildFile; fileRef = AC8B13241F4773BE009E111B /* AWSSES.framework */; };
		AC8B13551F4773BF009E111B /* AWSSES.framework in Embed Frameworks */ = {isa = PBXBuildFile; fileRef = AC8B13241F4773BE009E111B /* AWSSES.framework */; settings = {ATTRIBUTES = (CodeSignOnCopy, RemoveHeadersOnCopy, ); }; };
		AC8B13561F4773BF009E111B /* AWSSimpleDB.framework in Frameworks */ = {isa = PBXBuildFile; fileRef = AC8B13251F4773BE009E111B /* AWSSimpleDB.framework */; };
		AC8B13571F4773BF009E111B /* AWSSimpleDB.framework in Embed Frameworks */ = {isa = PBXBuildFile; fileRef = AC8B13251F4773BE009E111B /* AWSSimpleDB.framework */; settings = {ATTRIBUTES = (CodeSignOnCopy, RemoveHeadersOnCopy, ); }; };
		AC8B13581F4773BF009E111B /* AWSSNS.framework in Frameworks */ = {isa = PBXBuildFile; fileRef = AC8B13261F4773BE009E111B /* AWSSNS.framework */; };
		AC8B13591F4773BF009E111B /* AWSSNS.framework in Embed Frameworks */ = {isa = PBXBuildFile; fileRef = AC8B13261F4773BE009E111B /* AWSSNS.framework */; settings = {ATTRIBUTES = (CodeSignOnCopy, RemoveHeadersOnCopy, ); }; };
		AC8B135A1F4773BF009E111B /* AWSSQS.framework in Frameworks */ = {isa = PBXBuildFile; fileRef = AC8B13271F4773BE009E111B /* AWSSQS.framework */; };
		AC8B135B1F4773BF009E111B /* AWSSQS.framework in Embed Frameworks */ = {isa = PBXBuildFile; fileRef = AC8B13271F4773BE009E111B /* AWSSQS.framework */; settings = {ATTRIBUTES = (CodeSignOnCopy, RemoveHeadersOnCopy, ); }; };
		ACA5F9EB1F46D54E00DCD9CD /* AppDelegate.swift in Sources */ = {isa = PBXBuildFile; fileRef = ACA5F9EA1F46D54E00DCD9CD /* AppDelegate.swift */; };
		ACA5F9ED1F46D54E00DCD9CD /* ViewController.swift in Sources */ = {isa = PBXBuildFile; fileRef = ACA5F9EC1F46D54E00DCD9CD /* ViewController.swift */; };
		ACA5F9F01F46D54E00DCD9CD /* Main.storyboard in Resources */ = {isa = PBXBuildFile; fileRef = ACA5F9EE1F46D54E00DCD9CD /* Main.storyboard */; };
		ACA5F9F21F46D54E00DCD9CD /* Assets.xcassets in Resources */ = {isa = PBXBuildFile; fileRef = ACA5F9F11F46D54E00DCD9CD /* Assets.xcassets */; };
		ACA5F9F51F46D54E00DCD9CD /* LaunchScreen.storyboard in Resources */ = {isa = PBXBuildFile; fileRef = ACA5F9F31F46D54E00DCD9CD /* LaunchScreen.storyboard */; };
/* End PBXBuildFile section */

/* Begin PBXCopyFilesBuildPhase section */
		AC8B135C1F4773C1009E111B /* Embed Frameworks */ = {
			isa = PBXCopyFilesBuildPhase;
			buildActionMask = 2147483647;
			dstPath = "";
			dstSubfolderSpec = 10;
			files = (
				AC8B132D1F4773BE009E111B /* AWSCloudWatch.framework in Embed Frameworks */,
				AC8B13511F4773BF009E111B /* AWSRekognition.framework in Embed Frameworks */,
				AC8B134B1F4773BF009E111B /* AWSMobileAnalytics.framework in Embed Frameworks */,
				AC8B13491F4773BF009E111B /* AWSMachineLearning.framework in Embed Frameworks */,
				AC8B13571F4773BF009E111B /* AWSSimpleDB.framework in Embed Frameworks */,
				AC8B13351F4773BE009E111B /* AWSCore.framework in Embed Frameworks */,
				AC8B13371F4773BE009E111B /* AWSDynamoDB.framework in Embed Frameworks */,
				AC8B13531F4773BF009E111B /* AWSS3.framework in Embed Frameworks */,
				AC8B135B1F4773BF009E111B /* AWSSQS.framework in Embed Frameworks */,
				AC8B13411F4773BF009E111B /* AWSKMS.framework in Embed Frameworks */,
				AC8B133D1F4773BE009E111B /* AWSIoT.framework in Embed Frameworks */,
				AC8B13551F4773BF009E111B /* AWSSES.framework in Embed Frameworks */,
				AC8B13431F4773BF009E111B /* AWSLambda.framework in Embed Frameworks */,
				AC8B13331F4773BE009E111B /* AWSCognitoIdentityProvider.framework in Embed Frameworks */,
				AC8B133F1F4773BF009E111B /* AWSKinesis.framework in Embed Frameworks */,
				AC8B13291F4773BE009E111B /* AWSAPIGateway.framework in Embed Frameworks */,
				AC8B13451F4773BF009E111B /* AWSLex.framework in Embed Frameworks */,
				AC8B132F1F4773BE009E111B /* AWSCognito.framework in Embed Frameworks */,
				AC8B134F1F4773BF009E111B /* AWSPolly.framework in Embed Frameworks */,
				AC8B134D1F4773BF009E111B /* AWSPinpoint.framework in Embed Frameworks */,
				AC8B133B1F4773BE009E111B /* AWSElasticLoadBalancing.framework in Embed Frameworks */,
				AC8B13311F4773BE009E111B /* AWSCognitoAuth.framework in Embed Frameworks */,
				AC8B13591F4773BF009E111B /* AWSSNS.framework in Embed Frameworks */,
				AC8B13471F4773BF009E111B /* AWSLogs.framework in Embed Frameworks */,
				AC8B132B1F4773BE009E111B /* AWSAutoScaling.framework in Embed Frameworks */,
				AC8B13391F4773BE009E111B /* AWSEC2.framework in Embed Frameworks */,
			);
			name = "Embed Frameworks";
			runOnlyForDeploymentPostprocessing = 0;
		};
/* End PBXCopyFilesBuildPhase section */

/* Begin PBXFileReference section */
		AC8B130E1F4773BE009E111B /* AWSAPIGateway.framework */ = {isa = PBXFileReference; lastKnownFileType = wrapper.framework; path = AWSAPIGateway.framework; sourceTree = "<group>"; };
		AC8B130F1F4773BE009E111B /* AWSAutoScaling.framework */ = {isa = PBXFileReference; lastKnownFileType = wrapper.framework; path = AWSAutoScaling.framework; sourceTree = "<group>"; };
		AC8B13101F4773BE009E111B /* AWSCloudWatch.framework */ = {isa = PBXFileReference; lastKnownFileType = wrapper.framework; path = AWSCloudWatch.framework; sourceTree = "<group>"; };
		AC8B13111F4773BE009E111B /* AWSCognito.framework */ = {isa = PBXFileReference; lastKnownFileType = wrapper.framework; path = AWSCognito.framework; sourceTree = "<group>"; };
		AC8B13121F4773BE009E111B /* AWSCognitoAuth.framework */ = {isa = PBXFileReference; lastKnownFileType = wrapper.framework; path = AWSCognitoAuth.framework; sourceTree = "<group>"; };
		AC8B13131F4773BE009E111B /* AWSCognitoIdentityProvider.framework */ = {isa = PBXFileReference; lastKnownFileType = wrapper.framework; path = AWSCognitoIdentityProvider.framework; sourceTree = "<group>"; };
		AC8B13141F4773BE009E111B /* AWSCore.framework */ = {isa = PBXFileReference; lastKnownFileType = wrapper.framework; path = AWSCore.framework; sourceTree = "<group>"; };
		AC8B13151F4773BE009E111B /* AWSDynamoDB.framework */ = {isa = PBXFileReference; lastKnownFileType = wrapper.framework; path = AWSDynamoDB.framework; sourceTree = "<group>"; };
		AC8B13161F4773BE009E111B /* AWSEC2.framework */ = {isa = PBXFileReference; lastKnownFileType = wrapper.framework; path = AWSEC2.framework; sourceTree = "<group>"; };
		AC8B13171F4773BE009E111B /* AWSElasticLoadBalancing.framework */ = {isa = PBXFileReference; lastKnownFileType = wrapper.framework; path = AWSElasticLoadBalancing.framework; sourceTree = "<group>"; };
		AC8B13181F4773BE009E111B /* AWSIoT.framework */ = {isa = PBXFileReference; lastKnownFileType = wrapper.framework; path = AWSIoT.framework; sourceTree = "<group>"; };
		AC8B13191F4773BE009E111B /* AWSKinesis.framework */ = {isa = PBXFileReference; lastKnownFileType = wrapper.framework; path = AWSKinesis.framework; sourceTree = "<group>"; };
		AC8B131A1F4773BE009E111B /* AWSKMS.framework */ = {isa = PBXFileReference; lastKnownFileType = wrapper.framework; path = AWSKMS.framework; sourceTree = "<group>"; };
		AC8B131B1F4773BE009E111B /* AWSLambda.framework */ = {isa = PBXFileReference; lastKnownFileType = wrapper.framework; path = AWSLambda.framework; sourceTree = "<group>"; };
		AC8B131C1F4773BE009E111B /* AWSLex.framework */ = {isa = PBXFileReference; lastKnownFileType = wrapper.framework; path = AWSLex.framework; sourceTree = "<group>"; };
		AC8B131D1F4773BE009E111B /* AWSLogs.framework */ = {isa = PBXFileReference; lastKnownFileType = wrapper.framework; path = AWSLogs.framework; sourceTree = "<group>"; };
		AC8B131E1F4773BE009E111B /* AWSMachineLearning.framework */ = {isa = PBXFileReference; lastKnownFileType = wrapper.framework; path = AWSMachineLearning.framework; sourceTree = "<group>"; };
		AC8B131F1F4773BE009E111B /* AWSMobileAnalytics.framework */ = {isa = PBXFileReference; lastKnownFileType = wrapper.framework; path = AWSMobileAnalytics.framework; sourceTree = "<group>"; };
		AC8B13201F4773BE009E111B /* AWSPinpoint.framework */ = {isa = PBXFileReference; lastKnownFileType = wrapper.framework; path = AWSPinpoint.framework; sourceTree = "<group>"; };
		AC8B13211F4773BE009E111B /* AWSPolly.framework */ = {isa = PBXFileReference; lastKnownFileType = wrapper.framework; path = AWSPolly.framework; sourceTree = "<group>"; };
		AC8B13221F4773BE009E111B /* AWSRekognition.framework */ = {isa = PBXFileReference; lastKnownFileType = wrapper.framework; path = AWSRekognition.framework; sourceTree = "<group>"; };
		AC8B13231F4773BE009E111B /* AWSS3.framework */ = {isa = PBXFileReference; lastKnownFileType = wrapper.framework; path = AWSS3.framework; sourceTree = "<group>"; };
		AC8B13241F4773BE009E111B /* AWSSES.framework */ = {isa = PBXFileReference; lastKnownFileType = wrapper.framework; path = AWSSES.framework; sourceTree = "<group>"; };
		AC8B13251F4773BE009E111B /* AWSSimpleDB.framework */ = {isa = PBXFileReference; lastKnownFileType = wrapper.framework; path = AWSSimpleDB.framework; sourceTree = "<group>"; };
		AC8B13261F4773BE009E111B /* AWSSNS.framework */ = {isa = PBXFileReference; lastKnownFileType = wrapper.framework; path = AWSSNS.framework; sourceTree = "<group>"; };
		AC8B13271F4773BE009E111B /* AWSSQS.framework */ = {isa = PBXFileReference; lastKnownFileType = wrapper.framework; path = AWSSQS.framework; sourceTree = "<group>"; };
		ACA5F9E71F46D54E00DCD9CD /* SecondTest.app */ = {isa = PBXFileReference; explicitFileType = wrapper.application; includeInIndex = 0; path = SecondTest.app; sourceTree = BUILT_PRODUCTS_DIR; };
		ACA5F9EA1F46D54E00DCD9CD /* AppDelegate.swift */ = {isa = PBXFileReference; lastKnownFileType = sourcecode.swift; path = AppDelegate.swift; sourceTree = "<group>"; };
		ACA5F9EC1F46D54E00DCD9CD /* ViewController.swift */ = {isa = PBXFileReference; lastKnownFileType = sourcecode.swift; path = ViewController.swift; sourceTree = "<group>"; };
		ACA5F9EF1F46D54E00DCD9CD /* Base */ = {isa = PBXFileReference; lastKnownFileType = file.storyboard; name = Base; path = Base.lproj/Main.storyboard; sourceTree = "<group>"; };
		ACA5F9F11F46D54E00DCD9CD /* Assets.xcassets */ = {isa = PBXFileReference; lastKnownFileType = folder.assetcatalog; path = Assets.xcassets; sourceTree = "<group>"; };
		ACA5F9F41F46D54E00DCD9CD /* Base */ = {isa = PBXFileReference; lastKnownFileType = file.storyboard; name = Base; path = Base.lproj/LaunchScreen.storyboard; sourceTree = "<group>"; };
		ACA5F9F61F46D54E00DCD9CD /* Info.plist */ = {isa = PBXFileReference; lastKnownFileType = text.plist.xml; path = Info.plist; sourceTree = "<group>"; };
/* End PBXFileReference section */

/* Begin PBXFrameworksBuildPhase section */
		ACA5F9E41F46D54E00DCD9CD /* Frameworks */ = {
			isa = PBXFrameworksBuildPhase;
			buildActionMask = 2147483647;
			files = (
				AC8B132C1F4773BE009E111B /* AWSCloudWatch.framework in Frameworks */,
				AC8B13501F4773BF009E111B /* AWSRekognition.framework in Frameworks */,
				AC8B134A1F4773BF009E111B /* AWSMobileAnalytics.framework in Frameworks */,
				AC8B13481F4773BF009E111B /* AWSMachineLearning.framework in Frameworks */,
				AC8B13561F4773BF009E111B /* AWSSimpleDB.framework in Frameworks */,
				AC8B13341F4773BE009E111B /* AWSCore.framework in Frameworks */,
				AC8B13361F4773BE009E111B /* AWSDynamoDB.framework in Frameworks */,
				AC8B13521F4773BF009E111B /* AWSS3.framework in Frameworks */,
				AC8B135A1F4773BF009E111B /* AWSSQS.framework in Frameworks */,
				AC8B13401F4773BF009E111B /* AWSKMS.framework in Frameworks */,
				AC8B133C1F4773BE009E111B /* AWSIoT.framework in Frameworks */,
				AC8B13541F4773BF009E111B /* AWSSES.framework in Frameworks */,
				AC8B13421F4773BF009E111B /* AWSLambda.framework in Frameworks */,
				AC8B13321F4773BE009E111B /* AWSCognitoIdentityProvider.framework in Frameworks */,
				AC8B133E1F4773BE009E111B /* AWSKinesis.framework in Frameworks */,
				AC8B13281F4773BE009E111B /* AWSAPIGateway.framework in Frameworks */,
				AC8B13441F4773BF009E111B /* AWSLex.framework in Frameworks */,
				AC8B132E1F4773BE009E111B /* AWSCognito.framework in Frameworks */,
				AC8B134E1F4773BF009E111B /* AWSPolly.framework in Frameworks */,
				AC8B134C1F4773BF009E111B /* AWSPinpoint.framework in Frameworks */,
				AC8B133A1F4773BE009E111B /* AWSElasticLoadBalancing.framework in Frameworks */,
				AC8B13301F4773BE009E111B /* AWSCognitoAuth.framework in Frameworks */,
				AC8B13581F4773BF009E111B /* AWSSNS.framework in Frameworks */,
				AC8B13461F4773BF009E111B /* AWSLogs.framework in Frameworks */,
				AC8B132A1F4773BE009E111B /* AWSAutoScaling.framework in Frameworks */,
				AC8B13381F4773BE009E111B /* AWSEC2.framework in Frameworks */,
			);
			runOnlyForDeploymentPostprocessing = 0;
		};
/* End PBXFrameworksBuildPhase section */

/* Begin PBXGroup section */
		ACA5F9DE1F46D54E00DCD9CD = {
			isa = PBXGroup;
			children = (
				AC8B130E1F4773BE009E111B /* AWSAPIGateway.framework */,
				AC8B130F1F4773BE009E111B /* AWSAutoScaling.framework */,
				AC8B13101F4773BE009E111B /* AWSCloudWatch.framework */,
				AC8B13111F4773BE009E111B /* AWSCognito.framework */,
				AC8B13121F4773BE009E111B /* AWSCognitoAuth.framework */,
				AC8B13131F4773BE009E111B /* AWSCognitoIdentityProvider.framework */,
				AC8B13141F4773BE009E111B /* AWSCore.framework */,
				AC8B13151F4773BE009E111B /* AWSDynamoDB.framework */,
				AC8B13161F4773BE009E111B /* AWSEC2.framework */,
				AC8B13171F4773BE009E111B /* AWSElasticLoadBalancing.framework */,
				AC8B13181F4773BE009E111B /* AWSIoT.framework */,
				AC8B13191F4773BE009E111B /* AWSKinesis.framework */,
				AC8B131A1F4773BE009E111B /* AWSKMS.framework */,
				AC8B131B1F4773BE009E111B /* AWSLambda.framework */,
				AC8B131C1F4773BE009E111B /* AWSLex.framework */,
				AC8B131D1F4773BE009E111B /* AWSLogs.framework */,
				AC8B131E1F4773BE009E111B /* AWSMachineLearning.framework */,
				AC8B131F1F4773BE009E111B /* AWSMobileAnalytics.framework */,
				AC8B13201F4773BE009E111B /* AWSPinpoint.framework */,
				AC8B13211F4773BE009E111B /* AWSPolly.framework */,
				AC8B13221F4773BE009E111B /* AWSRekognition.framework */,
				AC8B13231F4773BE009E111B /* AWSS3.framework */,
				AC8B13241F4773BE009E111B /* AWSSES.framework */,
				AC8B13251F4773BE009E111B /* AWSSimpleDB.framework */,
				AC8B13261F4773BE009E111B /* AWSSNS.framework */,
				AC8B13271F4773BE009E111B /* AWSSQS.framework */,
				ACA5F9E91F46D54E00DCD9CD /* SecondTest */,
				ACA5F9E81F46D54E00DCD9CD /* Products */,
			);
			sourceTree = "<group>";
		};
		ACA5F9E81F46D54E00DCD9CD /* Products */ = {
			isa = PBXGroup;
			children = (
				ACA5F9E71F46D54E00DCD9CD /* SecondTest.app */,
			);
			name = Products;
			sourceTree = "<group>";
		};
		ACA5F9E91F46D54E00DCD9CD /* SecondTest */ = {
			isa = PBXGroup;
			children = (
				ACA5F9EA1F46D54E00DCD9CD /* AppDelegate.swift */,
				ACA5F9EC1F46D54E00DCD9CD /* ViewController.swift */,
				ACA5F9EE1F46D54E00DCD9CD /* Main.storyboard */,
				ACA5F9F11F46D54E00DCD9CD /* Assets.xcassets */,
				ACA5F9F31F46D54E00DCD9CD /* LaunchScreen.storyboard */,
				ACA5F9F61F46D54E00DCD9CD /* Info.plist */,
			);
			path = SecondTest;
			sourceTree = "<group>";
		};
/* End PBXGroup section */

/* Begin PBXNativeTarget section */
		ACA5F9E61F46D54E00DCD9CD /* SecondTest */ = {
			isa = PBXNativeTarget;
			buildConfigurationList = ACA5F9F91F46D54E00DCD9CD /* Build configuration list for PBXNativeTarget "SecondTest" */;
			buildPhases = (
				ACA5F9E31F46D54E00DCD9CD /* Sources */,
				ACA5F9E41F46D54E00DCD9CD /* Frameworks */,
				ACA5F9E51F46D54E00DCD9CD /* Resources */,
				AC8B130D1F4755B0009E111B /* ShellScript */,
				AC8B135C1F4773C1009E111B /* Embed Frameworks */,
				AC8B135D1F4773F3009E111B /* ShellScript */,
			);
			buildRules = (
			);
			dependencies = (
			);
			name = SecondTest;
			productName = SecondTest;
			productReference = ACA5F9E71F46D54E00DCD9CD /* SecondTest.app */;
			productType = "com.apple.product-type.application";
		};
/* End PBXNativeTarget section */

/* Begin PBXProject section */
		ACA5F9DF1F46D54E00DCD9CD /* Project object */ = {
			isa = PBXProject;
			attributes = {
				LastSwiftUpdateCheck = 0830;
				LastUpgradeCheck = 0830;
				ORGANIZATIONNAME = "Srinivas Rowdur";
				TargetAttributes = {
					ACA5F9E61F46D54E00DCD9CD = {
						CreatedOnToolsVersion = 8.3.3;
						DevelopmentTeam = 8C4V5Y6W3A;
						ProvisioningStyle = Automatic;
					};
				};
			};
			buildConfigurationList = ACA5F9E21F46D54E00DCD9CD /* Build configuration list for PBXProject "SecondTest" */;
			compatibilityVersion = "Xcode 3.2";
			developmentRegion = English;
			hasScannedForEncodings = 0;
			knownRegions = (
				en,
				Base,
			);
			mainGroup = ACA5F9DE1F46D54E00DCD9CD;
			productRefGroup = ACA5F9E81F46D54E00DCD9CD /* Products */;
			projectDirPath = "";
			projectRoot = "";
			targets = (
				ACA5F9E61F46D54E00DCD9CD /* SecondTest */,
			);
		};
/* End PBXProject section */

/* Begin PBXResourcesBuildPhase section */
		ACA5F9E51F46D54E00DCD9CD /* Resources */ = {
			isa = PBXResourcesBuildPhase;
			buildActionMask = 2147483647;
			files = (
				ACA5F9F51F46D54E00DCD9CD /* LaunchScreen.storyboard in Resources */,
				ACA5F9F21F46D54E00DCD9CD /* Assets.xcassets in Resources */,
				ACA5F9F01F46D54E00DCD9CD /* Main.storyboard in Resources */,
			);
			runOnlyForDeploymentPostprocessing = 0;
		};
/* End PBXResourcesBuildPhase section */

/* Begin PBXShellScriptBuildPhase section */
		AC8B130D1F4755B0009E111B /* ShellScript */ = {
			isa = PBXShellScriptBuildPhase;
			buildActionMask = 2147483647;
			files = (
			);
			inputPaths = (
			);
			outputPaths = (
			);
			runOnlyForDeploymentPostprocessing = 0;
			shellPath = /bin/sh;
			shellScript = "buildNumber=$(/usr/libexec/PlistBuddy -c \"Print CFBundleVersion\" \"${PROJECT_DIR}/${INFOPLIST_FILE}\")\nbuildNumber=$(($buildNumber + 1))\n/usr/libexec/PlistBuddy -c \"Set :CFBundleVersion $buildNumber\" \"${PROJECT_DIR}/${INFOPLIST_FILE}\"";
		};
		AC8B135D1F4773F3009E111B /* ShellScript */ = {
			isa = PBXShellScriptBuildPhase;
			buildActionMask = 2147483647;
			files = (
			);
			inputPaths = (
			);
			outputPaths = (
			);
			runOnlyForDeploymentPostprocessing = 0;
			shellPath = /bin/sh;
			shellScript = "bash \"${BUILT_PRODUCTS_DIR}/${FRAMEWORKS_FOLDER_PATH}/AWSCore.framework/strip-frameworks.sh\"";
		};
/* End PBXShellScriptBuildPhase section */

/* Begin PBXSourcesBuildPhase section */
		ACA5F9E31F46D54E00DCD9CD /* Sources */ = {
			isa = PBXSourcesBuildPhase;
			buildActionMask = 2147483647;
			files = (
				ACA5F9ED1F46D54E00DCD9CD /* ViewController.swift in Sources */,
				ACA5F9EB1F46D54E00DCD9CD /* AppDelegate.swift in Sources */,
			);
			runOnlyForDeploymentPostprocessing = 0;
		};
/* End PBXSourcesBuildPhase section */

/* Begin PBXVariantGroup section */
		ACA5F9EE1F46D54E00DCD9CD /* Main.storyboard */ = {
			isa = PBXVariantGroup;
			children = (
				ACA5F9EF1F46D54E00DCD9CD /* Base */,
			);
			name = Main.storyboard;
			sourceTree = "<group>";
		};
		ACA5F9F31F46D54E00DCD9CD /* LaunchScreen.storyboard */ = {
			isa = PBXVariantGroup;
			children = (
				ACA5F9F41F46D54E00DCD9CD /* Base */,
			);
			name = LaunchScreen.storyboard;
			sourceTree = "<group>";
		};
/* End PBXVariantGroup section */

/* Begin XCBuildConfiguration section */
		ACA5F9F71F46D54E00DCD9CD /* Debug */ = {
			isa = XCBuildConfiguration;
			buildSettings = {
				ALWAYS_SEARCH_USER_PATHS = NO;
				CLANG_ANALYZER_NONNULL = YES;
				CLANG_ANALYZER_NUMBER_OBJECT_CONVERSION = YES_AGGRESSIVE;
				CLANG_CXX_LANGUAGE_STANDARD = "gnu++0x";
				CLANG_CXX_LIBRARY = "libc++";
				CLANG_ENABLE_MODULES = YES;
				CLANG_ENABLE_OBJC_ARC = YES;
				CLANG_WARN_BOOL_CONVERSION = YES;
				CLANG_WARN_CONSTANT_CONVERSION = YES;
				CLANG_WARN_DIRECT_OBJC_ISA_USAGE = YES_ERROR;
				CLANG_WARN_DOCUMENTATION_COMMENTS = YES;
				CLANG_WARN_EMPTY_BODY = YES;
				CLANG_WARN_ENUM_CONVERSION = YES;
				CLANG_WARN_INFINITE_RECURSION = YES;
				CLANG_WARN_INT_CONVERSION = YES;
				CLANG_WARN_OBJC_ROOT_CLASS = YES_ERROR;
				CLANG_WARN_SUSPICIOUS_MOVE = YES;
				CLANG_WARN_UNREACHABLE_CODE = YES;
				CLANG_WARN__DUPLICATE_METHOD_MATCH = YES;
				"CODE_SIGN_IDENTITY[sdk=iphoneos*]" = "iPhone Developer";
				COPY_PHASE_STRIP = NO;
				DEBUG_INFORMATION_FORMAT = dwarf;
				ENABLE_STRICT_OBJC_MSGSEND = YES;
				ENABLE_TESTABILITY = YES;
				GCC_C_LANGUAGE_STANDARD = gnu99;
				GCC_DYNAMIC_NO_PIC = NO;
				GCC_NO_COMMON_BLOCKS = YES;
				GCC_OPTIMIZATION_LEVEL = 0;
				GCC_PREPROCESSOR_DEFINITIONS = (
					"DEBUG=1",
					"$(inherited)",
				);
				GCC_WARN_64_TO_32_BIT_CONVERSION = YES;
				GCC_WARN_ABOUT_RETURN_TYPE = YES_ERROR;
				GCC_WARN_UNDECLARED_SELECTOR = YES;
				GCC_WARN_UNINITIALIZED_AUTOS = YES_AGGRESSIVE;
				GCC_WARN_UNUSED_FUNCTION = YES;
				GCC_WARN_UNUSED_VARIABLE = YES;
				IPHONEOS_DEPLOYMENT_TARGET = 10.3;
				MTL_ENABLE_DEBUG_INFO = YES;
				ONLY_ACTIVE_ARCH = YES;
				SDKROOT = iphoneos;
				SWIFT_ACTIVE_COMPILATION_CONDITIONS = DEBUG;
				SWIFT_OPTIMIZATION_LEVEL = "-Onone";
			};
			name = Debug;
		};
		ACA5F9F81F46D54E00DCD9CD /* Release */ = {
			isa = XCBuildConfiguration;
			buildSettings = {
				ALWAYS_SEARCH_USER_PATHS = NO;
				CLANG_ANALYZER_NONNULL = YES;
				CLANG_ANALYZER_NUMBER_OBJECT_CONVERSION = YES_AGGRESSIVE;
				CLANG_CXX_LANGUAGE_STANDARD = "gnu++0x";
				CLANG_CXX_LIBRARY = "libc++";
				CLANG_ENABLE_MODULES = YES;
				CLANG_ENABLE_OBJC_ARC = YES;
				CLANG_WARN_BOOL_CONVERSION = YES;
				CLANG_WARN_CONSTANT_CONVERSION = YES;
				CLANG_WARN_DIRECT_OBJC_ISA_USAGE = YES_ERROR;
				CLANG_WARN_DOCUMENTATION_COMMENTS = YES;
				CLANG_WARN_EMPTY_BODY = YES;
				CLANG_WARN_ENUM_CONVERSION = YES;
				CLANG_WARN_INFINITE_RECURSION = YES;
				CLANG_WARN_INT_CONVERSION = YES;
				CLANG_WARN_OBJC_ROOT_CLASS = YES_ERROR;
				CLANG_WARN_SUSPICIOUS_MOVE = YES;
				CLANG_WARN_UNREACHABLE_CODE = YES;
				CLANG_WARN__DUPLICATE_METHOD_MATCH = YES;
				"CODE_SIGN_IDENTITY[sdk=iphoneos*]" = "iPhone Developer";
				COPY_PHASE_STRIP = NO;
				DEBUG_INFORMATION_FORMAT = "dwarf-with-dsym";
				ENABLE_NS_ASSERTIONS = NO;
				ENABLE_STRICT_OBJC_MSGSEND = YES;
				GCC_C_LANGUAGE_STANDARD = gnu99;
				GCC_NO_COMMON_BLOCKS = YES;
				GCC_WARN_64_TO_32_BIT_CONVERSION = YES;
				GCC_WARN_ABOUT_RETURN_TYPE = YES_ERROR;
				GCC_WARN_UNDECLARED_SELECTOR = YES;
				GCC_WARN_UNINITIALIZED_AUTOS = YES_AGGRESSIVE;
				GCC_WARN_UNUSED_FUNCTION = YES;
				GCC_WARN_UNUSED_VARIABLE = YES;
				IPHONEOS_DEPLOYMENT_TARGET = 10.3;
				MTL_ENABLE_DEBUG_INFO = NO;
				SDKROOT = iphoneos;
				SWIFT_OPTIMIZATION_LEVEL = "-Owholemodule";
				VALIDATE_PRODUCT = YES;
			};
			name = Release;
		};
		ACA5F9FA1F46D54E00DCD9CD /* Debug */ = {
			isa = XCBuildConfiguration;
			buildSettings = {
				ASSETCATALOG_COMPILER_APPICON_NAME = AppIcon;
				DEVELOPMENT_TEAM = 8C4V5Y6W3A;
				FRAMEWORK_SEARCH_PATHS = (
					"$(inherited)",
					"$(PROJECT_DIR)",
				);
				INFOPLIST_FILE = SecondTest/Info.plist;
				LD_RUNPATH_SEARCH_PATHS = "$(inherited) @executable_path/Frameworks";
				PRODUCT_BUNDLE_IDENTIFIER = com.rowdur.SecondTest;
				PRODUCT_NAME = "$(TARGET_NAME)";
				SWIFT_VERSION = 3.0;
			};
			name = Debug;
		};
		ACA5F9FB1F46D54E00DCD9CD /* Release */ = {
			isa = XCBuildConfiguration;
			buildSettings = {
				ASSETCATALOG_COMPILER_APPICON_NAME = AppIcon;
				DEVELOPMENT_TEAM = 8C4V5Y6W3A;
				FRAMEWORK_SEARCH_PATHS = (
					"$(inherited)",
					"$(PROJECT_DIR)",
				);
				INFOPLIST_FILE = SecondTest/Info.plist;
				LD_RUNPATH_SEARCH_PATHS = "$(inherited) @executable_path/Frameworks";
				PRODUCT_BUNDLE_IDENTIFIER = com.rowdur.SecondTest;
				PRODUCT_NAME = "$(TARGET_NAME)";
				SWIFT_VERSION = 3.0;
			};
			name = Release;
		};
/* End XCBuildConfiguration section */

/* Begin XCConfigurationList section */
		ACA5F9E21F46D54E00DCD9CD /* Build configuration list for PBXProject "SecondTest" */ = {
			isa = XCConfigurationList;
			buildConfigurations = (
				ACA5F9F71F46D54E00DCD9CD /* Debug */,
				ACA5F9F81F46D54E00DCD9CD /* Release */,
			);
			defaultConfigurationIsVisible = 0;
			defaultConfigurationName = Release;
		};
		ACA5F9F91F46D54E00DCD9CD /* Build configuration list for PBXNativeTarget "SecondTest" */ = {
			isa = XCConfigurationList;
			buildConfigurations = (
				ACA5F9FA1F46D54E00DCD9CD /* Debug */,
				ACA5F9FB1F46D54E00DCD9CD /* Release */,
			);
			defaultConfigurationIsVisible = 0;
			defaultConfigurationName = Release;
		};
/* End XCConfigurationList section */
	};
	rootObject = ACA5F9DF1F46D54E00DCD9CD /* Project object */;
}
